
Microsoft Visual Studio Solution File, Format Version 12.00
# Visual Studio Version 17
VisualStudioVersion = 17.0.31903.59
MinimumVisualStudioVersion = 10.0.40219.1
Project("{2150E333-8FDC-42A3-9474-1A3956D46DE8}") = "backend", "backend", "{BAFED625-13F5-45D5-A8D6-F3E5E1A2C730}"
EndProject
Project("{FAE04EC0-301F-11D3-BF4B-00C04F79EFBC}") = "Newapi.Tests", "backend\Newapi.Tests\Newapi.Tests.csproj", "{D175B71E-8D06-471A-A273-4BBED5A6AF5B}"
EndProject
Project("{FAE04EC0-301F-11D3-BF4B-00C04F79EFBC}") = "newapi", "backend\Newapi\newapi.csproj", "{F2CEAAD6-6B3E-4BE6-A10F-76EC30BADFE0}"
EndProject
Global
	GlobalSection(SolutionConfigurationPlatforms) = preSolution
		Debug|Any CPU = Debug|Any CPU
		Release|Any CPU = Release|Any CPU
	EndGlobalSection
	GlobalSection(SolutionProperties) = preSolution
		HideSolutionNode = FALSE
	EndGlobalSection
	GlobalSection(ProjectConfigurationPlatforms) = postSolution
		{D175B71E-8D06-471A-A273-4BBED5A6AF5B}.Debug|Any CPU.ActiveCfg = Debug|Any CPU
		{D175B71E-8D06-471A-A273-4BBED5A6AF5B}.Debug|Any CPU.Build.0 = Debug|Any CPU
		{D175B71E-8D06-471A-A273-4BBED5A6AF5B}.Release|Any CPU.ActiveCfg = Release|Any CPU
		{D175B71E-8D06-471A-A273-4BBED5A6AF5B}.Release|Any CPU.Build.0 = Release|Any CPU
		{F2CEAAD6-6B3E-4BE6-A10F-76EC30BADFE0}.Debug|Any CPU.ActiveCfg = Debug|Any CPU
		{F2CEAAD6-6B3E-4BE6-A10F-76EC30BADFE0}.Debug|Any CPU.Build.0 = Debug|Any CPU
		{F2CEAAD6-6B3E-4BE6-A10F-76EC30BADFE0}.Release|Any CPU.ActiveCfg = Release|Any CPU
		{F2CEAAD6-6B3E-4BE6-A10F-76EC30BADFE0}.Release|Any CPU.Build.0 = Release|Any CPU
	EndGlobalSection
	GlobalSection(NestedProjects) = preSolution
		{D175B71E-8D06-471A-A273-4BBED5A6AF5B} = {BAFED625-13F5-45D5-A8D6-F3E5E1A2C730}
		{F2CEAAD6-6B3E-4BE6-A10F-76EC30BADFE0} = {BAFED625-13F5-45D5-A8D6-F3E5E1A2C730}
	EndGlobalSection
EndGlobal
